
Microsoft Visual Studio Solution File, Format Version 12.00
# Visual Studio Version 16
VisualStudioVersion = 16.0.34601.136
MinimumVisualStudioVersion = 10.0.40219.1
Project("{FAE04EC0-301F-11D3-BF4B-00C04F79EFBC}") = "HistoryaOne", "HistoryaOne\HistoryaOne.csproj", "{4E4B4ACF-EE36-4166-A177-B6D9C1534D56}"
EndProject
Global
	GlobalSection(SolutionConfigurationPlatforms) = preSolution
		Debug|Any CPU = Debug|Any CPU
		Release|Any CPU = Release|Any CPU
	EndGlobalSection
	GlobalSection(ProjectConfigurationPlatforms) = postSolution
		{4E4B4ACF-EE36-4166-A177-B6D9C1534D56}.Debug|Any CPU.ActiveCfg = Debug|Any CPU
		{4E4B4ACF-EE36-4166-A177-B6D9C1534D56}.Debug|Any CPU.Build.0 = Debug|Any CPU
		{4E4B4ACF-EE36-4166-A177-B6D9C1534D56}.Release|Any CPU.ActiveCfg = Release|Any CPU
		{4E4B4ACF-EE36-4166-A177-B6D9C1534D56}.Release|Any CPU.Build.0 = Release|Any CPU
	EndGlobalSection
	GlobalSection(SolutionProperties) = preSolution
		HideSolutionNode = FALSE
	EndGlobalSection
	GlobalSection(ExtensibilityGlobals) = postSolution
		SolutionGuid = {E6A6BABD-715F-47A6-ABC9-F39484C41FE3}
	EndGlobalSection
EndGlobal
